
Microsoft Visual Studio Solution File, Format Version 12.00
# Visual Studio Version 16
VisualStudioVersion = 16.0.30011.22
MinimumVisualStudioVersion = 10.0.40219.1
Project("{9A19103F-16F7-4668-BE54-9A1E7A4F7556}") = "MediatorApiExample.Application", "MediatorApiExample.Application\MediatorApiExample.Application.csproj", "{A41C4863-2888-4863-AEC9-CCA4D48F48DE}"
EndProject
Project("{9A19103F-16F7-4668-BE54-9A1E7A4F7556}") = "MediatorApiExample.Core", "MediatorApiExample.Core\MediatorApiExample.Core.csproj", "{113ABC0E-FF4D-4A64-80CA-99EFF068555E}"
EndProject
Project("{9A19103F-16F7-4668-BE54-9A1E7A4F7556}") = "MediatorApiExample.Api", "MediatorApiExample.Api\MediatorApiExample.Api.csproj", "{D82EF0B8-7F55-4F63-8A32-3349A1538661}"
EndProject
Project("{FAE04EC0-301F-11D3-BF4B-00C04F79EFBC}") = "Tests", "Tests\Tests.csproj", "{BB7AD94B-8055-49CC-BDB2-E380631F23C8}"
EndProject
Global
	GlobalSection(SolutionConfigurationPlatforms) = preSolution
		Debug|Any CPU = Debug|Any CPU
		Release|Any CPU = Release|Any CPU
	EndGlobalSection
	GlobalSection(ProjectConfigurationPlatforms) = postSolution
		{A41C4863-2888-4863-AEC9-CCA4D48F48DE}.Debug|Any CPU.ActiveCfg = Debug|Any CPU
		{A41C4863-2888-4863-AEC9-CCA4D48F48DE}.Debug|Any CPU.Build.0 = Debug|Any CPU
		{A41C4863-2888-4863-AEC9-CCA4D48F48DE}.Release|Any CPU.ActiveCfg = Release|Any CPU
		{A41C4863-2888-4863-AEC9-CCA4D48F48DE}.Release|Any CPU.Build.0 = Release|Any CPU
		{113ABC0E-FF4D-4A64-80CA-99EFF068555E}.Debug|Any CPU.ActiveCfg = Debug|Any CPU
		{113ABC0E-FF4D-4A64-80CA-99EFF068555E}.Debug|Any CPU.Build.0 = Debug|Any CPU
		{113ABC0E-FF4D-4A64-80CA-99EFF068555E}.Release|Any CPU.ActiveCfg = Release|Any CPU
		{113ABC0E-FF4D-4A64-80CA-99EFF068555E}.Release|Any CPU.Build.0 = Release|Any CPU
		{D82EF0B8-7F55-4F63-8A32-3349A1538661}.Debug|Any CPU.ActiveCfg = Debug|Any CPU
		{D82EF0B8-7F55-4F63-8A32-3349A1538661}.Debug|Any CPU.Build.0 = Debug|Any CPU
		{D82EF0B8-7F55-4F63-8A32-3349A1538661}.Release|Any CPU.ActiveCfg = Release|Any CPU
		{D82EF0B8-7F55-4F63-8A32-3349A1538661}.Release|Any CPU.Build.0 = Release|Any CPU
		{BB7AD94B-8055-49CC-BDB2-E380631F23C8}.Debug|Any CPU.ActiveCfg = Debug|Any CPU
		{BB7AD94B-8055-49CC-BDB2-E380631F23C8}.Debug|Any CPU.Build.0 = Debug|Any CPU
		{BB7AD94B-8055-49CC-BDB2-E380631F23C8}.Release|Any CPU.ActiveCfg = Release|Any CPU
		{BB7AD94B-8055-49CC-BDB2-E380631F23C8}.Release|Any CPU.Build.0 = Release|Any CPU
	EndGlobalSection
	GlobalSection(SolutionProperties) = preSolution
		HideSolutionNode = FALSE
	EndGlobalSection
	GlobalSection(ExtensibilityGlobals) = postSolution
		SolutionGuid = {31A220A9-C194-4772-B3E4-52A4AAFC70E1}
	EndGlobalSection
EndGlobal
